
Microsoft Visual Studio Solution File, Format Version 12.00
# Visual Studio 2017
Project("{FAE04EC0-301F-11D3-BF4B-00C04F79EFBC}") = "FirstPersonInteractions.Plugins", "FirstPersonInteractions.Plugins.csproj", "{3A9CF285-F02D-702B-BE76-12943DCA9C69}"
EndProject
Project("{FAE04EC0-301F-11D3-BF4B-00C04F79EFBC}") = "FirstPersonInteractions", "FirstPersonInteractions.csproj", "{8FAFEAE0-766D-0F37-41CA-4C0539AF47A7}"
EndProject
Project("{FAE04EC0-301F-11D3-BF4B-00C04F79EFBC}") = "FirstPersonInteractions.Editor.Plugins", "FirstPersonInteractions.Editor.Plugins.csproj", "{917E610C-92E8-3B76-C27A-B17C21208DC1}"
EndProject
Project("{FAE04EC0-301F-11D3-BF4B-00C04F79EFBC}") = "FirstPersonInteractions.Editor", "FirstPersonInteractions.Editor.csproj", "{477C0612-D464-8D52-5306-71BB5BAA829B}"
EndProject
Global
	GlobalSection(SolutionConfigurationPlatforms) = preSolution
		Debug|Any CPU = Debug|Any CPU
		Release|Any CPU = Release|Any CPU
	EndGlobalSection
	GlobalSection(ProjectConfigurationPlatforms) = postSolution
		{3A9CF285-F02D-702B-BE76-12943DCA9C69}.Debug|Any CPU.ActiveCfg = Debug|Any CPU
		{3A9CF285-F02D-702B-BE76-12943DCA9C69}.Debug|Any CPU.Build.0 = Debug|Any CPU
		{3A9CF285-F02D-702B-BE76-12943DCA9C69}.Release|Any CPU.ActiveCfg = Release|Any CPU
		{3A9CF285-F02D-702B-BE76-12943DCA9C69}.Release|Any CPU.Build.0 = Release|Any CPU
		{8FAFEAE0-766D-0F37-41CA-4C0539AF47A7}.Debug|Any CPU.ActiveCfg = Debug|Any CPU
		{8FAFEAE0-766D-0F37-41CA-4C0539AF47A7}.Debug|Any CPU.Build.0 = Debug|Any CPU
		{8FAFEAE0-766D-0F37-41CA-4C0539AF47A7}.Release|Any CPU.ActiveCfg = Release|Any CPU
		{8FAFEAE0-766D-0F37-41CA-4C0539AF47A7}.Release|Any CPU.Build.0 = Release|Any CPU
		{917E610C-92E8-3B76-C27A-B17C21208DC1}.Debug|Any CPU.ActiveCfg = Debug|Any CPU
		{917E610C-92E8-3B76-C27A-B17C21208DC1}.Debug|Any CPU.Build.0 = Debug|Any CPU
		{917E610C-92E8-3B76-C27A-B17C21208DC1}.Release|Any CPU.ActiveCfg = Release|Any CPU
		{917E610C-92E8-3B76-C27A-B17C21208DC1}.Release|Any CPU.Build.0 = Release|Any CPU
		{477C0612-D464-8D52-5306-71BB5BAA829B}.Debug|Any CPU.ActiveCfg = Debug|Any CPU
		{477C0612-D464-8D52-5306-71BB5BAA829B}.Debug|Any CPU.Build.0 = Debug|Any CPU
		{477C0612-D464-8D52-5306-71BB5BAA829B}.Release|Any CPU.ActiveCfg = Release|Any CPU
		{477C0612-D464-8D52-5306-71BB5BAA829B}.Release|Any CPU.Build.0 = Release|Any CPU
	EndGlobalSection
	GlobalSection(SolutionProperties) = preSolution
		HideSolutionNode = FALSE
	EndGlobalSection
EndGlobal
